// !$*UTF8*$!
{
	archiveVersion = 1;
	classes = {
	};
	objectVersion = 46;
	objects = {

/* Begin PBXBuildFile section */
		26C423070CFAD56AA1543285 /* Pods_RouteAddressMaster_IOS_9.framework in Frameworks */ = {isa = PBXBuildFile; fileRef = 5A19AB59D2C5D2B47D681347 /* Pods_RouteAddressMaster_IOS_9.framework */; };
		792EE7D51EE99CA700470669 /* AppDelegate.swift in Sources */ = {isa = PBXBuildFile; fileRef = 792EE7D41EE99CA700470669 /* AppDelegate.swift */; };
		792EE7D71EE99CA700470669 /* MainVCSinceIOS93.swift in Sources */ = {isa = PBXBuildFile; fileRef = 792EE7D61EE99CA700470669 /* MainVCSinceIOS93.swift */; };
		792EE7DA1EE99CA700470669 /* MainSinceIOS93.storyboard in Resources */ = {isa = PBXBuildFile; fileRef = 792EE7D81EE99CA700470669 /* MainSinceIOS93.storyboard */; };
		792EE7DC1EE99CA700470669 /* Assets.xcassets in Resources */ = {isa = PBXBuildFile; fileRef = 792EE7DB1EE99CA700470669 /* Assets.xcassets */; };
		792EE7DF1EE99CA700470669 /* LaunchScreen.storyboard in Resources */ = {isa = PBXBuildFile; fileRef = 792EE7DD1EE99CA700470669 /* LaunchScreen.storyboard */; };
		792EE7EB1EE9BBB700470669 /* MapPointCell.swift in Sources */ = {isa = PBXBuildFile; fileRef = 792EE7EA1EE9BBB700470669 /* MapPointCell.swift */; };
		792EE7ED1EE9CEA400470669 /* RouteMapVC.swift in Sources */ = {isa = PBXBuildFile; fileRef = 792EE7EC1EE9CEA300470669 /* RouteMapVC.swift */; };
		79C0DB2E1EEA7CB10042A0C5 /* MapPointCell.swift in Sources */ = {isa = PBXBuildFile; fileRef = 792EE7EA1EE9BBB700470669 /* MapPointCell.swift */; };
		79C0DB2F1EEA7CB10042A0C5 /* RouteMapVC.swift in Sources */ = {isa = PBXBuildFile; fileRef = 792EE7EC1EE9CEA300470669 /* RouteMapVC.swift */; };
		79C0DB311EEA7CB10042A0C5 /* AppDelegate.swift in Sources */ = {isa = PBXBuildFile; fileRef = 792EE7D41EE99CA700470669 /* AppDelegate.swift */; };
		79C0DB341EEA7CB10042A0C5 /* LaunchScreen.storyboard in Resources */ = {isa = PBXBuildFile; fileRef = 792EE7DD1EE99CA700470669 /* LaunchScreen.storyboard */; };
		79C0DB351EEA7CB10042A0C5 /* Assets.xcassets in Resources */ = {isa = PBXBuildFile; fileRef = 792EE7DB1EE99CA700470669 /* Assets.xcassets */; };
		79C0DB361EEA7CB10042A0C5 /* MainSinceIOS93.storyboard in Resources */ = {isa = PBXBuildFile; fileRef = 792EE7D81EE99CA700470669 /* MainSinceIOS93.storyboard */; };
		79C0DB411EEA860A0042A0C5 /* MainVCSinceIOS90.swift in Sources */ = {isa = PBXBuildFile; fileRef = 79C0DB3F1EEA82170042A0C5 /* MainVCSinceIOS90.swift */; };
		79C0DB421EEA86BA0042A0C5 /* MainSinceIOS90.storyboard in Resources */ = {isa = PBXBuildFile; fileRef = 79C0DB3C1EEA7FE90042A0C5 /* MainSinceIOS90.storyboard */; };
		79C0DB451EEAA7E50042A0C5 /* MapKit.framework in Frameworks */ = {isa = PBXBuildFile; fileRef = 79C0DB441EEAA7E50042A0C5 /* MapKit.framework */; };
		79C0DB471EEAB97A0042A0C5 /* Extensions.swift in Sources */ = {isa = PBXBuildFile; fileRef = 79C0DB461EEAB97A0042A0C5 /* Extensions.swift */; };
		F6F20ACC58F91340EA8BA72B /* Pods_RouteAddressMaster_IOS_9_3.framework in Frameworks */ = {isa = PBXBuildFile; fileRef = 85E44A4EBD0D11CAF0BDAA5F /* Pods_RouteAddressMaster_IOS_9_3.framework */; };
/* End PBXBuildFile section */

/* Begin PBXFileReference section */
		071460A15E2319A72A2B4F3D /* Pods-RouteAddressMaster IOS 9.3.debug.xcconfig */ = {isa = PBXFileReference; includeInIndex = 1; lastKnownFileType = text.xcconfig; name = "Pods-RouteAddressMaster IOS 9.3.debug.xcconfig"; path = "Pods/Target Support Files/Pods-RouteAddressMaster IOS 9.3/Pods-RouteAddressMaster IOS 9.3.debug.xcconfig"; sourceTree = "<group>"; };
		1900FFCB4C7BB246976C8374 /* Pods-RouteAddressMaster IOS 9.release.xcconfig */ = {isa = PBXFileReference; includeInIndex = 1; lastKnownFileType = text.xcconfig; name = "Pods-RouteAddressMaster IOS 9.release.xcconfig"; path = "Pods/Target Support Files/Pods-RouteAddressMaster IOS 9/Pods-RouteAddressMaster IOS 9.release.xcconfig"; sourceTree = "<group>"; };
		5A19AB59D2C5D2B47D681347 /* Pods_RouteAddressMaster_IOS_9.framework */ = {isa = PBXFileReference; explicitFileType = wrapper.framework; includeInIndex = 0; path = Pods_RouteAddressMaster_IOS_9.framework; sourceTree = BUILT_PRODUCTS_DIR; };
		792EE7D11EE99CA700470669 /* RouteAddressMaster IOS 9.3.app */ = {isa = PBXFileReference; explicitFileType = wrapper.application; includeInIndex = 0; path = "RouteAddressMaster IOS 9.3.app"; sourceTree = BUILT_PRODUCTS_DIR; };
		792EE7D41EE99CA700470669 /* AppDelegate.swift */ = {isa = PBXFileReference; lastKnownFileType = sourcecode.swift; path = AppDelegate.swift; sourceTree = "<group>"; };
		792EE7D61EE99CA700470669 /* MainVCSinceIOS93.swift */ = {isa = PBXFileReference; lastKnownFileType = sourcecode.swift; path = MainVCSinceIOS93.swift; sourceTree = "<group>"; };
		792EE7D91EE99CA700470669 /* Base */ = {isa = PBXFileReference; lastKnownFileType = file.storyboard; name = Base; path = Base.lproj/MainSinceIOS93.storyboard; sourceTree = "<group>"; };
		792EE7DB1EE99CA700470669 /* Assets.xcassets */ = {isa = PBXFileReference; lastKnownFileType = folder.assetcatalog; path = Assets.xcassets; sourceTree = "<group>"; };
		792EE7DE1EE99CA700470669 /* Base */ = {isa = PBXFileReference; lastKnownFileType = file.storyboard; name = Base; path = Base.lproj/LaunchScreen.storyboard; sourceTree = "<group>"; };
		792EE7E01EE99CA700470669 /* Info.plist */ = {isa = PBXFileReference; lastKnownFileType = text.plist.xml; path = Info.plist; sourceTree = "<group>"; };
		792EE7EA1EE9BBB700470669 /* MapPointCell.swift */ = {isa = PBXFileReference; fileEncoding = 4; lastKnownFileType = sourcecode.swift; path = MapPointCell.swift; sourceTree = "<group>"; };
		792EE7EC1EE9CEA300470669 /* RouteMapVC.swift */ = {isa = PBXFileReference; fileEncoding = 4; lastKnownFileType = sourcecode.swift; path = RouteMapVC.swift; sourceTree = "<group>"; };
		79C0DB3A1EEA7CB10042A0C5 /* RouteAddressMaster IOS 9.app */ = {isa = PBXFileReference; explicitFileType = wrapper.application; includeInIndex = 0; path = "RouteAddressMaster IOS 9.app"; sourceTree = BUILT_PRODUCTS_DIR; };
		79C0DB3B1EEA7CB10042A0C5 /* RouteAddressMaster copy-Info.plist */ = {isa = PBXFileReference; lastKnownFileType = text.plist.xml; name = "RouteAddressMaster copy-Info.plist"; path = "/Users/leonif1/CODDING/TEST TASKS/RouteAddressMaster/RouteAddressMaster copy-Info.plist"; sourceTree = "<absolute>"; };
		79C0DB3C1EEA7FE90042A0C5 /* MainSinceIOS90.storyboard */ = {isa = PBXFileReference; fileEncoding = 4; lastKnownFileType = file.storyboard; path = MainSinceIOS90.storyboard; sourceTree = "<group>"; };
		79C0DB3F1EEA82170042A0C5 /* MainVCSinceIOS90.swift */ = {isa = PBXFileReference; fileEncoding = 4; lastKnownFileType = sourcecode.swift; path = MainVCSinceIOS90.swift; sourceTree = "<group>"; };
		79C0DB441EEAA7E50042A0C5 /* MapKit.framework */ = {isa = PBXFileReference; lastKnownFileType = wrapper.framework; name = MapKit.framework; path = System/Library/Frameworks/MapKit.framework; sourceTree = SDKROOT; };
		79C0DB461EEAB97A0042A0C5 /* Extensions.swift */ = {isa = PBXFileReference; fileEncoding = 4; lastKnownFileType = sourcecode.swift; path = Extensions.swift; sourceTree = "<group>"; };
		85E44A4EBD0D11CAF0BDAA5F /* Pods_RouteAddressMaster_IOS_9_3.framework */ = {isa = PBXFileReference; explicitFileType = wrapper.framework; includeInIndex = 0; path = Pods_RouteAddressMaster_IOS_9_3.framework; sourceTree = BUILT_PRODUCTS_DIR; };
		C1B68F3986ED12CD8CDA51A7 /* Pods-RouteAddressMaster IOS 9.debug.xcconfig */ = {isa = PBXFileReference; includeInIndex = 1; lastKnownFileType = text.xcconfig; name = "Pods-RouteAddressMaster IOS 9.debug.xcconfig"; path = "Pods/Target Support Files/Pods-RouteAddressMaster IOS 9/Pods-RouteAddressMaster IOS 9.debug.xcconfig"; sourceTree = "<group>"; };
		D9B4939EEC84D96F7F9A615C /* Pods-RouteAddressMaster IOS 9.3.release.xcconfig */ = {isa = PBXFileReference; includeInIndex = 1; lastKnownFileType = text.xcconfig; name = "Pods-RouteAddressMaster IOS 9.3.release.xcconfig"; path = "Pods/Target Support Files/Pods-RouteAddressMaster IOS 9.3/Pods-RouteAddressMaster IOS 9.3.release.xcconfig"; sourceTree = "<group>"; };
/* End PBXFileReference section */

/* Begin PBXFrameworksBuildPhase section */
		792EE7CE1EE99CA700470669 /* Frameworks */ = {
			isa = PBXFrameworksBuildPhase;
			buildActionMask = 2147483647;
			files = (
				F6F20ACC58F91340EA8BA72B /* Pods_RouteAddressMaster_IOS_9_3.framework in Frameworks */,
			);
			runOnlyForDeploymentPostprocessing = 0;
		};
		79C0DB321EEA7CB10042A0C5 /* Frameworks */ = {
			isa = PBXFrameworksBuildPhase;
			buildActionMask = 2147483647;
			files = (
				79C0DB451EEAA7E50042A0C5 /* MapKit.framework in Frameworks */,
				26C423070CFAD56AA1543285 /* Pods_RouteAddressMaster_IOS_9.framework in Frameworks */,
			);
			runOnlyForDeploymentPostprocessing = 0;
		};
/* End PBXFrameworksBuildPhase section */

/* Begin PBXGroup section */
		792EE7C81EE99CA700470669 = {
			isa = PBXGroup;
			children = (
				792EE7D31EE99CA700470669 /* RouteAddressMaster */,
				792EE7D21EE99CA700470669 /* Products */,
				79C0DB3B1EEA7CB10042A0C5 /* RouteAddressMaster copy-Info.plist */,
				79C0DB431EEAA7E50042A0C5 /* Frameworks */,
				97C64F4B79803AFA614F2EC5 /* Pods */,
			);
			sourceTree = "<group>";
		};
		792EE7D21EE99CA700470669 /* Products */ = {
			isa = PBXGroup;
			children = (
				792EE7D11EE99CA700470669 /* RouteAddressMaster IOS 9.3.app */,
				79C0DB3A1EEA7CB10042A0C5 /* RouteAddressMaster IOS 9.app */,
			);
			name = Products;
			sourceTree = "<group>";
		};
		792EE7D31EE99CA700470669 /* RouteAddressMaster */ = {
			isa = PBXGroup;
			children = (
				792EE7E91EE9BB7D00470669 /* Resources */,
				792EE7E81EE9BB6200470669 /* Model */,
				792EE7E71EE9BB6000470669 /* View */,
				792EE7E61EE9BB5C00470669 /* Controller */,
			);
			path = RouteAddressMaster;
			sourceTree = "<group>";
		};
		792EE7E61EE9BB5C00470669 /* Controller */ = {
			isa = PBXGroup;
			children = (
				792EE7D61EE99CA700470669 /* MainVCSinceIOS93.swift */,
				79C0DB3F1EEA82170042A0C5 /* MainVCSinceIOS90.swift */,
				792EE7EC1EE9CEA300470669 /* RouteMapVC.swift */,
				792EE7D41EE99CA700470669 /* AppDelegate.swift */,
			);
			name = Controller;
			sourceTree = "<group>";
		};
		792EE7E71EE9BB6000470669 /* View */ = {
			isa = PBXGroup;
			children = (
				792EE7EA1EE9BBB700470669 /* MapPointCell.swift */,
				792EE7D81EE99CA700470669 /* MainSinceIOS93.storyboard */,
				79C0DB3C1EEA7FE90042A0C5 /* MainSinceIOS90.storyboard */,
				792EE7DD1EE99CA700470669 /* LaunchScreen.storyboard */,
			);
			name = View;
			sourceTree = "<group>";
		};
		792EE7E81EE9BB6200470669 /* Model */ = {
			isa = PBXGroup;
			children = (
			);
			name = Model;
			sourceTree = "<group>";
		};
		792EE7E91EE9BB7D00470669 /* Resources */ = {
			isa = PBXGroup;
			children = (
				79C0DB461EEAB97A0042A0C5 /* Extensions.swift */,
				792EE7E01EE99CA700470669 /* Info.plist */,
				792EE7DB1EE99CA700470669 /* Assets.xcassets */,
			);
			name = Resources;
			sourceTree = "<group>";
		};
		79C0DB431EEAA7E50042A0C5 /* Frameworks */ = {
			isa = PBXGroup;
			children = (
				79C0DB441EEAA7E50042A0C5 /* MapKit.framework */,
				5A19AB59D2C5D2B47D681347 /* Pods_RouteAddressMaster_IOS_9.framework */,
				85E44A4EBD0D11CAF0BDAA5F /* Pods_RouteAddressMaster_IOS_9_3.framework */,
			);
			name = Frameworks;
			sourceTree = "<group>";
		};
		97C64F4B79803AFA614F2EC5 /* Pods */ = {
			isa = PBXGroup;
			children = (
				C1B68F3986ED12CD8CDA51A7 /* Pods-RouteAddressMaster IOS 9.debug.xcconfig */,
				1900FFCB4C7BB246976C8374 /* Pods-RouteAddressMaster IOS 9.release.xcconfig */,
				071460A15E2319A72A2B4F3D /* Pods-RouteAddressMaster IOS 9.3.debug.xcconfig */,
				D9B4939EEC84D96F7F9A615C /* Pods-RouteAddressMaster IOS 9.3.release.xcconfig */,
			);
			name = Pods;
			sourceTree = "<group>";
		};
/* End PBXGroup section */

/* Begin PBXNativeTarget section */
		792EE7D01EE99CA700470669 /* RouteAddressMaster IOS 9.3 */ = {
			isa = PBXNativeTarget;
			buildConfigurationList = 792EE7E31EE99CA700470669 /* Build configuration list for PBXNativeTarget "RouteAddressMaster IOS 9.3" */;
			buildPhases = (
				DBD43A97A3F7A6FC5D599FF9 /* [CP] Check Pods Manifest.lock */,
				792EE7CD1EE99CA700470669 /* Sources */,
				792EE7CE1EE99CA700470669 /* Frameworks */,
				792EE7CF1EE99CA700470669 /* Resources */,
				B28DE0FB99999F211F6B756E /* [CP] Embed Pods Frameworks */,
				09251BCC190ABD7C7FCFE25F /* [CP] Copy Pods Resources */,
			);
			buildRules = (
			);
			dependencies = (
			);
			name = "RouteAddressMaster IOS 9.3";
			productName = RouteAddressMaster;
			productReference = 792EE7D11EE99CA700470669 /* RouteAddressMaster IOS 9.3.app */;
			productType = "com.apple.product-type.application";
		};
		79C0DB2C1EEA7CB10042A0C5 /* RouteAddressMaster IOS 9 */ = {
			isa = PBXNativeTarget;
			buildConfigurationList = 79C0DB371EEA7CB10042A0C5 /* Build configuration list for PBXNativeTarget "RouteAddressMaster IOS 9" */;
			buildPhases = (
				CFC76AC30FD2F82E4DF7D8D8 /* [CP] Check Pods Manifest.lock */,
				79C0DB2D1EEA7CB10042A0C5 /* Sources */,
				79C0DB321EEA7CB10042A0C5 /* Frameworks */,
				79C0DB331EEA7CB10042A0C5 /* Resources */,
				BB0922212F0F9690F53A62C8 /* [CP] Embed Pods Frameworks */,
				1D9CF0849B0207F82240D7B1 /* [CP] Copy Pods Resources */,
			);
			buildRules = (
			);
			dependencies = (
			);
			name = "RouteAddressMaster IOS 9";
			productName = RouteAddressMaster;
			productReference = 79C0DB3A1EEA7CB10042A0C5 /* RouteAddressMaster IOS 9.app */;
			productType = "com.apple.product-type.application";
		};
/* End PBXNativeTarget section */

/* Begin PBXProject section */
		792EE7C91EE99CA700470669 /* Project object */ = {
			isa = PBXProject;
			attributes = {
				LastSwiftUpdateCheck = 0830;
				LastUpgradeCheck = 0830;
				ORGANIZATIONNAME = LionLife;
				TargetAttributes = {
					792EE7D01EE99CA700470669 = {
						CreatedOnToolsVersion = 8.3.2;
						DevelopmentTeam = 379294YDPQ;
						ProvisioningStyle = Automatic;
					};
					79C0DB2C1EEA7CB10042A0C5 = {
						DevelopmentTeam = 379294YDPQ;
						SystemCapabilities = {
							com.apple.Maps.iOS = {
								enabled = 1;
							};
						};
					};
				};
			};
			buildConfigurationList = 792EE7CC1EE99CA700470669 /* Build configuration list for PBXProject "RouteAddressMaster" */;
			compatibilityVersion = "Xcode 3.2";
			developmentRegion = English;
			hasScannedForEncodings = 0;
			knownRegions = (
				en,
				Base,
			);
			mainGroup = 792EE7C81EE99CA700470669;
			productRefGroup = 792EE7D21EE99CA700470669 /* Products */;
			projectDirPath = "";
			projectRoot = "";
			targets = (
				792EE7D01EE99CA700470669 /* RouteAddressMaster IOS 9.3 */,
				79C0DB2C1EEA7CB10042A0C5 /* RouteAddressMaster IOS 9 */,
			);
		};
/* End PBXProject section */

/* Begin PBXResourcesBuildPhase section */
		792EE7CF1EE99CA700470669 /* Resources */ = {
			isa = PBXResourcesBuildPhase;
			buildActionMask = 2147483647;
			files = (
				792EE7DF1EE99CA700470669 /* LaunchScreen.storyboard in Resources */,
				792EE7DC1EE99CA700470669 /* Assets.xcassets in Resources */,
				792EE7DA1EE99CA700470669 /* MainSinceIOS93.storyboard in Resources */,
			);
			runOnlyForDeploymentPostprocessing = 0;
		};
		79C0DB331EEA7CB10042A0C5 /* Resources */ = {
			isa = PBXResourcesBuildPhase;
			buildActionMask = 2147483647;
			files = (
				79C0DB341EEA7CB10042A0C5 /* LaunchScreen.storyboard in Resources */,
				79C0DB351EEA7CB10042A0C5 /* Assets.xcassets in Resources */,
				79C0DB361EEA7CB10042A0C5 /* MainSinceIOS93.storyboard in Resources */,
				79C0DB421EEA86BA0042A0C5 /* MainSinceIOS90.storyboard in Resources */,
			);
			runOnlyForDeploymentPostprocessing = 0;
		};
/* End PBXResourcesBuildPhase section */

/* Begin PBXShellScriptBuildPhase section */
		09251BCC190ABD7C7FCFE25F /* [CP] Copy Pods Resources */ = {
			isa = PBXShellScriptBuildPhase;
			buildActionMask = 2147483647;
			files = (
			);
			inputPaths = (
			);
			name = "[CP] Copy Pods Resources";
			outputPaths = (
			);
			runOnlyForDeploymentPostprocessing = 0;
			shellPath = /bin/sh;
			shellScript = "\"${SRCROOT}/Pods/Target Support Files/Pods-RouteAddressMaster IOS 9.3/Pods-RouteAddressMaster IOS 9.3-resources.sh\"\n";
			showEnvVarsInLog = 0;
		};
		1D9CF0849B0207F82240D7B1 /* [CP] Copy Pods Resources */ = {
			isa = PBXShellScriptBuildPhase;
			buildActionMask = 2147483647;
			files = (
			);
			inputPaths = (
			);
			name = "[CP] Copy Pods Resources";
			outputPaths = (
			);
			runOnlyForDeploymentPostprocessing = 0;
			shellPath = /bin/sh;
			shellScript = "\"${SRCROOT}/Pods/Target Support Files/Pods-RouteAddressMaster IOS 9/Pods-RouteAddressMaster IOS 9-resources.sh\"\n";
			showEnvVarsInLog = 0;
		};
		B28DE0FB99999F211F6B756E /* [CP] Embed Pods Frameworks */ = {
			isa = PBXShellScriptBuildPhase;
			buildActionMask = 2147483647;
			files = (
			);
			inputPaths = (
			);
			name = "[CP] Embed Pods Frameworks";
			outputPaths = (
			);
			runOnlyForDeploymentPostprocessing = 0;
			shellPath = /bin/sh;
			shellScript = "\"${SRCROOT}/Pods/Target Support Files/Pods-RouteAddressMaster IOS 9.3/Pods-RouteAddressMaster IOS 9.3-frameworks.sh\"\n";
			showEnvVarsInLog = 0;
		};
		BB0922212F0F9690F53A62C8 /* [CP] Embed Pods Frameworks */ = {
			isa = PBXShellScriptBuildPhase;
			buildActionMask = 2147483647;
			files = (
			);
			inputPaths = (
			);
			name = "[CP] Embed Pods Frameworks";
			outputPaths = (
			);
			runOnlyForDeploymentPostprocessing = 0;
			shellPath = /bin/sh;
			shellScript = "\"${SRCROOT}/Pods/Target Support Files/Pods-RouteAddressMaster IOS 9/Pods-RouteAddressMaster IOS 9-frameworks.sh\"\n";
			showEnvVarsInLog = 0;
		};
		CFC76AC30FD2F82E4DF7D8D8 /* [CP] Check Pods Manifest.lock */ = {
			isa = PBXShellScriptBuildPhase;
			buildActionMask = 2147483647;
			files = (
			);
			inputPaths = (
			);
			name = "[CP] Check Pods Manifest.lock";
			outputPaths = (
			);
			runOnlyForDeploymentPostprocessing = 0;
			shellPath = /bin/sh;
			shellScript = "diff \"${PODS_PODFILE_DIR_PATH}/Podfile.lock\" \"${PODS_ROOT}/Manifest.lock\" > /dev/null\nif [ $? != 0 ] ; then\n    # print error to STDERR\n    echo \"error: The sandbox is not in sync with the Podfile.lock. Run 'pod install' or update your CocoaPods installation.\" >&2\n    exit 1\nfi\n";
			showEnvVarsInLog = 0;
		};
		DBD43A97A3F7A6FC5D599FF9 /* [CP] Check Pods Manifest.lock */ = {
			isa = PBXShellScriptBuildPhase;
			buildActionMask = 2147483647;
			files = (
			);
			inputPaths = (
			);
			name = "[CP] Check Pods Manifest.lock";
			outputPaths = (
			);
			runOnlyForDeploymentPostprocessing = 0;
			shellPath = /bin/sh;
			shellScript = "diff \"${PODS_PODFILE_DIR_PATH}/Podfile.lock\" \"${PODS_ROOT}/Manifest.lock\" > /dev/null\nif [ $? != 0 ] ; then\n    # print error to STDERR\n    echo \"error: The sandbox is not in sync with the Podfile.lock. Run 'pod install' or update your CocoaPods installation.\" >&2\n    exit 1\nfi\n";
			showEnvVarsInLog = 0;
		};
/* End PBXShellScriptBuildPhase section */

/* Begin PBXSourcesBuildPhase section */
		792EE7CD1EE99CA700470669 /* Sources */ = {
			isa = PBXSourcesBuildPhase;
			buildActionMask = 2147483647;
			files = (
				79C0DB471EEAB97A0042A0C5 /* Extensions.swift in Sources */,
				792EE7EB1EE9BBB700470669 /* MapPointCell.swift in Sources */,
				792EE7ED1EE9CEA400470669 /* RouteMapVC.swift in Sources */,
				792EE7D71EE99CA700470669 /* MainVCSinceIOS93.swift in Sources */,
				792EE7D51EE99CA700470669 /* AppDelegate.swift in Sources */,
			);
			runOnlyForDeploymentPostprocessing = 0;
		};
		79C0DB2D1EEA7CB10042A0C5 /* Sources */ = {
			isa = PBXSourcesBuildPhase;
			buildActionMask = 2147483647;
			files = (
				79C0DB2E1EEA7CB10042A0C5 /* MapPointCell.swift in Sources */,
				79C0DB411EEA860A0042A0C5 /* MainVCSinceIOS90.swift in Sources */,
				79C0DB2F1EEA7CB10042A0C5 /* RouteMapVC.swift in Sources */,
				79C0DB311EEA7CB10042A0C5 /* AppDelegate.swift in Sources */,
			);
			runOnlyForDeploymentPostprocessing = 0;
		};
/* End PBXSourcesBuildPhase section */

/* Begin PBXVariantGroup section */
		792EE7D81EE99CA700470669 /* MainSinceIOS93.storyboard */ = {
			isa = PBXVariantGroup;
			children = (
				792EE7D91EE99CA700470669 /* Base */,
			);
			name = MainSinceIOS93.storyboard;
			sourceTree = "<group>";
		};
		792EE7DD1EE99CA700470669 /* LaunchScreen.storyboard */ = {
			isa = PBXVariantGroup;
			children = (
				792EE7DE1EE99CA700470669 /* Base */,
			);
			name = LaunchScreen.storyboard;
			sourceTree = "<group>";
		};
/* End PBXVariantGroup section */

/* Begin XCBuildConfiguration section */
		792EE7E11EE99CA700470669 /* Debug */ = {
			isa = XCBuildConfiguration;
			buildSettings = {
				ALWAYS_SEARCH_USER_PATHS = NO;
				CLANG_ANALYZER_NONNULL = YES;
				CLANG_ANALYZER_NUMBER_OBJECT_CONVERSION = YES_AGGRESSIVE;
				CLANG_CXX_LANGUAGE_STANDARD = "gnu++0x";
				CLANG_CXX_LIBRARY = "libc++";
				CLANG_ENABLE_MODULES = YES;
				CLANG_ENABLE_OBJC_ARC = YES;
				CLANG_WARN_BOOL_CONVERSION = YES;
				CLANG_WARN_CONSTANT_CONVERSION = YES;
				CLANG_WARN_DIRECT_OBJC_ISA_USAGE = YES_ERROR;
				CLANG_WARN_DOCUMENTATION_COMMENTS = YES;
				CLANG_WARN_EMPTY_BODY = YES;
				CLANG_WARN_ENUM_CONVERSION = YES;
				CLANG_WARN_INFINITE_RECURSION = YES;
				CLANG_WARN_INT_CONVERSION = YES;
				CLANG_WARN_OBJC_ROOT_CLASS = YES_ERROR;
				CLANG_WARN_SUSPICIOUS_MOVE = YES;
				CLANG_WARN_UNREACHABLE_CODE = YES;
				CLANG_WARN__DUPLICATE_METHOD_MATCH = YES;
				"CODE_SIGN_IDENTITY[sdk=iphoneos*]" = "iPhone Developer";
				COPY_PHASE_STRIP = NO;
				DEBUG_INFORMATION_FORMAT = dwarf;
				ENABLE_STRICT_OBJC_MSGSEND = YES;
				ENABLE_TESTABILITY = YES;
				GCC_C_LANGUAGE_STANDARD = gnu99;
				GCC_DYNAMIC_NO_PIC = NO;
				GCC_NO_COMMON_BLOCKS = YES;
				GCC_OPTIMIZATION_LEVEL = 0;
				GCC_PREPROCESSOR_DEFINITIONS = (
					"DEBUG=1",
					"$(inherited)",
				);
				GCC_WARN_64_TO_32_BIT_CONVERSION = YES;
				GCC_WARN_ABOUT_RETURN_TYPE = YES_ERROR;
				GCC_WARN_UNDECLARED_SELECTOR = YES;
				GCC_WARN_UNINITIALIZED_AUTOS = YES_AGGRESSIVE;
				GCC_WARN_UNUSED_FUNCTION = YES;
				GCC_WARN_UNUSED_VARIABLE = YES;
				IPHONEOS_DEPLOYMENT_TARGET = 10.3;
				MTL_ENABLE_DEBUG_INFO = YES;
				ONLY_ACTIVE_ARCH = YES;
				SDKROOT = iphoneos;
				SWIFT_ACTIVE_COMPILATION_CONDITIONS = DEBUG;
				SWIFT_OPTIMIZATION_LEVEL = "-Onone";
			};
			name = Debug;
		};
		792EE7E21EE99CA700470669 /* Release */ = {
			isa = XCBuildConfiguration;
			buildSettings = {
				ALWAYS_SEARCH_USER_PATHS = NO;
				CLANG_ANALYZER_NONNULL = YES;
				CLANG_ANALYZER_NUMBER_OBJECT_CONVERSION = YES_AGGRESSIVE;
				CLANG_CXX_LANGUAGE_STANDARD = "gnu++0x";
				CLANG_CXX_LIBRARY = "libc++";
				CLANG_ENABLE_MODULES = YES;
				CLANG_ENABLE_OBJC_ARC = YES;
				CLANG_WARN_BOOL_CONVERSION = YES;
				CLANG_WARN_CONSTANT_CONVERSION = YES;
				CLANG_WARN_DIRECT_OBJC_ISA_USAGE = YES_ERROR;
				CLANG_WARN_DOCUMENTATION_COMMENTS = YES;
				CLANG_WARN_EMPTY_BODY = YES;
				CLANG_WARN_ENUM_CONVERSION = YES;
				CLANG_WARN_INFINITE_RECURSION = YES;
				CLANG_WARN_INT_CONVERSION = YES;
				CLANG_WARN_OBJC_ROOT_CLASS = YES_ERROR;
				CLANG_WARN_SUSPICIOUS_MOVE = YES;
				CLANG_WARN_UNREACHABLE_CODE = YES;
				CLANG_WARN__DUPLICATE_METHOD_MATCH = YES;
				"CODE_SIGN_IDENTITY[sdk=iphoneos*]" = "iPhone Developer";
				COPY_PHASE_STRIP = NO;
				DEBUG_INFORMATION_FORMAT = "dwarf-with-dsym";
				ENABLE_NS_ASSERTIONS = NO;
				ENABLE_STRICT_OBJC_MSGSEND = YES;
				GCC_C_LANGUAGE_STANDARD = gnu99;
				GCC_NO_COMMON_BLOCKS = YES;
				GCC_WARN_64_TO_32_BIT_CONVERSION = YES;
				GCC_WARN_ABOUT_RETURN_TYPE = YES_ERROR;
				GCC_WARN_UNDECLARED_SELECTOR = YES;
				GCC_WARN_UNINITIALIZED_AUTOS = YES_AGGRESSIVE;
				GCC_WARN_UNUSED_FUNCTION = YES;
				GCC_WARN_UNUSED_VARIABLE = YES;
				IPHONEOS_DEPLOYMENT_TARGET = 10.3;
				MTL_ENABLE_DEBUG_INFO = NO;
				SDKROOT = iphoneos;
				SWIFT_OPTIMIZATION_LEVEL = "-Owholemodule";
				VALIDATE_PRODUCT = YES;
			};
			name = Release;
		};
		792EE7E41EE99CA700470669 /* Debug */ = {
			isa = XCBuildConfiguration;
			baseConfigurationReference = 071460A15E2319A72A2B4F3D /* Pods-RouteAddressMaster IOS 9.3.debug.xcconfig */;
			buildSettings = {
				ASSETCATALOG_COMPILER_APPICON_NAME = "AppIcon-93";
				DEVELOPMENT_TEAM = 379294YDPQ;
				INFOPLIST_FILE = RouteAddressMaster/Info.plist;
				IPHONEOS_DEPLOYMENT_TARGET = 9.3;
				LD_RUNPATH_SEARCH_PATHS = "$(inherited) @executable_path/Frameworks";
				PRODUCT_BUNDLE_IDENTIFIER = com.LionLife.RouteAddressMaster;
				PRODUCT_NAME = "$(TARGET_NAME)";
				SWIFT_VERSION = 3.0;
			};
			name = Debug;
		};
		792EE7E51EE99CA700470669 /* Release */ = {
			isa = XCBuildConfiguration;
			baseConfigurationReference = D9B4939EEC84D96F7F9A615C /* Pods-RouteAddressMaster IOS 9.3.release.xcconfig */;
			buildSettings = {
				ASSETCATALOG_COMPILER_APPICON_NAME = "AppIcon-93";
				DEVELOPMENT_TEAM = 379294YDPQ;
				INFOPLIST_FILE = RouteAddressMaster/Info.plist;
				IPHONEOS_DEPLOYMENT_TARGET = 9.3;
				LD_RUNPATH_SEARCH_PATHS = "$(inherited) @executable_path/Frameworks";
				PRODUCT_BUNDLE_IDENTIFIER = com.LionLife.RouteAddressMaster;
				PRODUCT_NAME = "$(TARGET_NAME)";
				SWIFT_VERSION = 3.0;
			};
			name = Release;
		};
		79C0DB381EEA7CB10042A0C5 /* Debug */ = {
			isa = XCBuildConfiguration;
			baseConfigurationReference = C1B68F3986ED12CD8CDA51A7 /* Pods-RouteAddressMaster IOS 9.debug.xcconfig */;
			buildSettings = {
				ASSETCATALOG_COMPILER_APPICON_NAME = "AppIcon-90";
				DEVELOPMENT_TEAM = 379294YDPQ;
				INFOPLIST_FILE = "RouteAddressMaster copy-Info.plist";
				IPHONEOS_DEPLOYMENT_TARGET = 9.0;
				LD_RUNPATH_SEARCH_PATHS = "$(inherited) @executable_path/Frameworks";
				PRODUCT_BUNDLE_IDENTIFIER = com.LionLife.RouteAddressMaster;
				PRODUCT_NAME = "$(TARGET_NAME)";
				SWIFT_VERSION = 3.0;
			};
			name = Debug;
		};
		79C0DB391EEA7CB10042A0C5 /* Release */ = {
			isa = XCBuildConfiguration;
			baseConfigurationReference = 1900FFCB4C7BB246976C8374 /* Pods-RouteAddressMaster IOS 9.release.xcconfig */;
			buildSettings = {
				ASSETCATALOG_COMPILER_APPICON_NAME = "AppIcon-90";
				DEVELOPMENT_TEAM = 379294YDPQ;
				INFOPLIST_FILE = "RouteAddressMaster copy-Info.plist";
				IPHONEOS_DEPLOYMENT_TARGET = 9.0;
				LD_RUNPATH_SEARCH_PATHS = "$(inherited) @executable_path/Frameworks";
				PRODUCT_BUNDLE_IDENTIFIER = com.LionLife.RouteAddressMaster;
				PRODUCT_NAME = "$(TARGET_NAME)";
				SWIFT_VERSION = 3.0;
			};
			name = Release;
		};
/* End XCBuildConfiguration section */

/* Begin XCConfigurationList section */
		792EE7CC1EE99CA700470669 /* Build configuration list for PBXProject "RouteAddressMaster" */ = {
			isa = XCConfigurationList;
			buildConfigurations = (
				792EE7E11EE99CA700470669 /* Debug */,
				792EE7E21EE99CA700470669 /* Release */,
			);
			defaultConfigurationIsVisible = 0;
			defaultConfigurationName = Release;
		};
		792EE7E31EE99CA700470669 /* Build configuration list for PBXNativeTarget "RouteAddressMaster IOS 9.3" */ = {
			isa = XCConfigurationList;
			buildConfigurations = (
				792EE7E41EE99CA700470669 /* Debug */,
				792EE7E51EE99CA700470669 /* Release */,
			);
			defaultConfigurationIsVisible = 0;
			defaultConfigurationName = Release;
		};
		79C0DB371EEA7CB10042A0C5 /* Build configuration list for PBXNativeTarget "RouteAddressMaster IOS 9" */ = {
			isa = XCConfigurationList;
			buildConfigurations = (
				79C0DB381EEA7CB10042A0C5 /* Debug */,
				79C0DB391EEA7CB10042A0C5 /* Release */,
			);
			defaultConfigurationIsVisible = 0;
			defaultConfigurationName = Release;
		};
/* End XCConfigurationList section */
	};
	rootObject = 792EE7C91EE99CA700470669 /* Project object */;
}
